
Microsoft Visual Studio Solution File, Format Version 12.00
# Visual Studio Version 16
VisualStudioVersion = 16.0.31025.194
MinimumVisualStudioVersion = 10.0.40219.1
Project("{9A19103F-16F7-4668-BE54-9A1E7A4F7556}") = "webAPIDogly", "webAPIDogly.csproj", "{42E64B10-AAD5-4A1D-B388-CC630770BD47}"
EndProject
Global
	GlobalSection(SolutionConfigurationPlatforms) = preSolution
		Debug|Any CPU = Debug|Any CPU
		Release|Any CPU = Release|Any CPU
	EndGlobalSection
	GlobalSection(ProjectConfigurationPlatforms) = postSolution
		{42E64B10-AAD5-4A1D-B388-CC630770BD47}.Debug|Any CPU.ActiveCfg = Debug|Any CPU
		{42E64B10-AAD5-4A1D-B388-CC630770BD47}.Debug|Any CPU.Build.0 = Debug|Any CPU
		{42E64B10-AAD5-4A1D-B388-CC630770BD47}.Release|Any CPU.ActiveCfg = Release|Any CPU
		{42E64B10-AAD5-4A1D-B388-CC630770BD47}.Release|Any CPU.Build.0 = Release|Any CPU
	EndGlobalSection
	GlobalSection(SolutionProperties) = preSolution
		HideSolutionNode = FALSE
	EndGlobalSection
	GlobalSection(ExtensibilityGlobals) = postSolution
		SolutionGuid = {C229A555-A7F0-479F-9DC4-99AD31C309C8}
	EndGlobalSection
EndGlobal
